
Microsoft Visual Studio Solution File, Format Version 12.00
# Visual Studio Version 17
VisualStudioVersion = 17.9.34728.123
MinimumVisualStudioVersion = 10.0.40219.1
Project("{9A19103F-16F7-4668-BE54-9A1E7A4F7556}") = "DSA_191", "DSA_191.csproj", "{A8050B9D-EBA6-43BD-8868-87B450C2C1C4}"
EndProject
Global
	GlobalSection(SolutionConfigurationPlatforms) = preSolution
		Debug|Any CPU = Debug|Any CPU
		Release|Any CPU = Release|Any CPU
	EndGlobalSection
	GlobalSection(ProjectConfigurationPlatforms) = postSolution
		{A8050B9D-EBA6-43BD-8868-87B450C2C1C4}.Debug|Any CPU.ActiveCfg = Debug|Any CPU
		{A8050B9D-EBA6-43BD-8868-87B450C2C1C4}.Debug|Any CPU.Build.0 = Debug|Any CPU
		{A8050B9D-EBA6-43BD-8868-87B450C2C1C4}.Release|Any CPU.ActiveCfg = Release|Any CPU
		{A8050B9D-EBA6-43BD-8868-87B450C2C1C4}.Release|Any CPU.Build.0 = Release|Any CPU
	EndGlobalSection
	GlobalSection(SolutionProperties) = preSolution
		HideSolutionNode = FALSE
	EndGlobalSection
	GlobalSection(ExtensibilityGlobals) = postSolution
		SolutionGuid = {5BAE50CE-7043-42B3-95CC-74F9BD92D637}
	EndGlobalSection
EndGlobal
